// !$*UTF8*$!
{
	archiveVersion = 1;
	classes = {
	};
	objectVersion = 56;
	objects = {

/* Begin PBXBuildFile section */
		1C4A9908296D6C7300563BCE /* SplashScreen.swift in Sources */ = {isa = PBXBuildFile; fileRef = 1C4A9907296D6C7300563BCE /* SplashScreen.swift */; };
		1C596406296BF4B2005FD1E3 /* Localizable.strings in Resources */ = {isa = PBXBuildFile; fileRef = 1C596408296BF4B2005FD1E3 /* Localizable.strings */; };
		1C59640B296BF504005FD1E3 /* Localizable.strings in Resources */ = {isa = PBXBuildFile; fileRef = 1C59640D296BF504005FD1E3 /* Localizable.strings */; };
		1C59640F296C03AE005FD1E3 /* Tajawal-Medium.ttf in Resources */ = {isa = PBXBuildFile; fileRef = 1C59640E296C03AE005FD1E3 /* Tajawal-Medium.ttf */; };
		1C596411296C03BE005FD1E3 /* Tajawal-Regular.ttf in Resources */ = {isa = PBXBuildFile; fileRef = 1C596410296C03BE005FD1E3 /* Tajawal-Regular.ttf */; };
		1C596413296C03C9005FD1E3 /* Tajawal-Bold.ttf in Resources */ = {isa = PBXBuildFile; fileRef = 1C596412296C03C9005FD1E3 /* Tajawal-Bold.ttf */; };
		1C596415296C0768005FD1E3 /* PreTravelChecklist.swift in Sources */ = {isa = PBXBuildFile; fileRef = 1C596414296C0768005FD1E3 /* PreTravelChecklist.swift */; };
		1C596417296C21D2005FD1E3 /* TravelPacking.swift in Sources */ = {isa = PBXBuildFile; fileRef = 1C596416296C21D2005FD1E3 /* TravelPacking.swift */; };
		1C59641B296D4B10005FD1E3 /* PackingSections.swift in Sources */ = {isa = PBXBuildFile; fileRef = 1C59641A296D4B10005FD1E3 /* PackingSections.swift */; };
		1C59641D296D4CFF005FD1E3 /* PackingItems.swift in Sources */ = {isa = PBXBuildFile; fileRef = 1C59641C296D4CFF005FD1E3 /* PackingItems.swift */; };
		1C59641F296D537D005FD1E3 /* AddPackingItem.swift in Sources */ = {isa = PBXBuildFile; fileRef = 1C59641E296D537D005FD1E3 /* AddPackingItem.swift */; };
		1C596422296D58D7005FD1E3 /* PachingChecklist.xcdatamodeld in Sources */ = {isa = PBXBuildFile; fileRef = 1C596420296D58D7005FD1E3 /* PachingChecklist.xcdatamodeld */; };
		1C596424296D59C9005FD1E3 /* DataController.swift in Sources */ = {isa = PBXBuildFile; fileRef = 1C596423296D59C9005FD1E3 /* DataController.swift */; };
		1C596426296D5DA1005FD1E3 /* testingcore.swift in Sources */ = {isa = PBXBuildFile; fileRef = 1C596425296D5DA1005FD1E3 /* testingcore.swift */; };
		1CD84A95296AA907000D321E /* Home.swift in Sources */ = {isa = PBXBuildFile; fileRef = 1CD84A94296AA907000D321E /* Home.swift */; };
		1CD84A9B296AACDD000D321E /* Gilroy-Medium.ttf in Resources */ = {isa = PBXBuildFile; fileRef = 1CD84A9A296AACDD000D321E /* Gilroy-Medium.ttf */; };
		1CD84A9D296AACFF000D321E /* Gilroy-Regular.ttf in Resources */ = {isa = PBXBuildFile; fileRef = 1CD84A9C296AACFF000D321E /* Gilroy-Regular.ttf */; };
		1CD84A9F296AAD0A000D321E /* Gilroy-Bold.ttf in Resources */ = {isa = PBXBuildFile; fileRef = 1CD84A9E296AAD0A000D321E /* Gilroy-Bold.ttf */; };
		F56D8FE2296A94DD008EC31B /* NanoApp.swift in Sources */ = {isa = PBXBuildFile; fileRef = F56D8FE1296A94DD008EC31B /* NanoApp.swift */; };
		F56D8FE4296A94DD008EC31B /* ContentView.swift in Sources */ = {isa = PBXBuildFile; fileRef = F56D8FE3296A94DD008EC31B /* ContentView.swift */; };
		F56D8FE6296A94DE008EC31B /* Assets.xcassets in Resources */ = {isa = PBXBuildFile; fileRef = F56D8FE5296A94DE008EC31B /* Assets.xcassets */; };
		F56D8FE9296A94DE008EC31B /* Preview Assets.xcassets in Resources */ = {isa = PBXBuildFile; fileRef = F56D8FE8296A94DE008EC31B /* Preview Assets.xcassets */; };
		F56D8FF0296AA59F008EC31B /* TEST.swift in Sources */ = {isa = PBXBuildFile; fileRef = F56D8FEF296AA59F008EC31B /* TEST.swift */; };
		F56D8FF4296B3283008EC31B /* emergency page.swift in Sources */ = {isa = PBXBuildFile; fileRef = F56D8FF3296B3283008EC31B /* emergency page.swift */; };
		F56D8FF6296B3894008EC31B /* search bar.swift in Sources */ = {isa = PBXBuildFile; fileRef = F56D8FF5296B3894008EC31B /* search bar.swift */; };
		F56D8FFC296C765A008EC31B /* SwiftUIView2.swift in Sources */ = {isa = PBXBuildFile; fileRef = F56D8FFB296C765A008EC31B /* SwiftUIView2.swift */; };
/* End PBXBuildFile section */

/* Begin PBXFileReference section */
		1C4A9907296D6C7300563BCE /* SplashScreen.swift */ = {isa = PBXFileReference; lastKnownFileType = sourcecode.swift; path = SplashScreen.swift; sourceTree = "<group>"; };
		1C596407296BF4B2005FD1E3 /* ar */ = {isa = PBXFileReference; lastKnownFileType = text.plist.strings; name = ar; path = ar.lproj/Localizable.strings; sourceTree = "<group>"; };
		1C59640C296BF504005FD1E3 /* en */ = {isa = PBXFileReference; lastKnownFileType = text.plist.strings; name = en; path = en.lproj/Localizable.strings; sourceTree = "<group>"; };
		1C59640E296C03AE005FD1E3 /* Tajawal-Medium.ttf */ = {isa = PBXFileReference; lastKnownFileType = file; path = "Tajawal-Medium.ttf"; sourceTree = "<group>"; };
		1C596410296C03BE005FD1E3 /* Tajawal-Regular.ttf */ = {isa = PBXFileReference; lastKnownFileType = file; path = "Tajawal-Regular.ttf"; sourceTree = "<group>"; };
		1C596412296C03C9005FD1E3 /* Tajawal-Bold.ttf */ = {isa = PBXFileReference; lastKnownFileType = file; path = "Tajawal-Bold.ttf"; sourceTree = "<group>"; };
		1C596414296C0768005FD1E3 /* PreTravelChecklist.swift */ = {isa = PBXFileReference; lastKnownFileType = sourcecode.swift; path = PreTravelChecklist.swift; sourceTree = "<group>"; };
		1C596416296C21D2005FD1E3 /* TravelPacking.swift */ = {isa = PBXFileReference; lastKnownFileType = sourcecode.swift; path = TravelPacking.swift; sourceTree = "<group>"; };
		1C59641A296D4B10005FD1E3 /* PackingSections.swift */ = {isa = PBXFileReference; lastKnownFileType = sourcecode.swift; path = PackingSections.swift; sourceTree = "<group>"; };
		1C59641C296D4CFF005FD1E3 /* PackingItems.swift */ = {isa = PBXFileReference; lastKnownFileType = sourcecode.swift; path = PackingItems.swift; sourceTree = "<group>"; };
		1C59641E296D537D005FD1E3 /* AddPackingItem.swift */ = {isa = PBXFileReference; lastKnownFileType = sourcecode.swift; path = AddPackingItem.swift; sourceTree = "<group>"; };
		1C596421296D58D7005FD1E3 /* PachingChecklist.xcdatamodel */ = {isa = PBXFileReference; lastKnownFileType = wrapper.xcdatamodel; path = PachingChecklist.xcdatamodel; sourceTree = "<group>"; };
		1C596423296D59C9005FD1E3 /* DataController.swift */ = {isa = PBXFileReference; lastKnownFileType = sourcecode.swift; path = DataController.swift; sourceTree = "<group>"; };
		1C596425296D5DA1005FD1E3 /* testingcore.swift */ = {isa = PBXFileReference; lastKnownFileType = sourcecode.swift; path = testingcore.swift; sourceTree = "<group>"; };
		1CD84A94296AA907000D321E /* Home.swift */ = {isa = PBXFileReference; lastKnownFileType = sourcecode.swift; path = Home.swift; sourceTree = "<group>"; };
		1CD84A9A296AACDD000D321E /* Gilroy-Medium.ttf */ = {isa = PBXFileReference; lastKnownFileType = file; path = "Gilroy-Medium.ttf"; sourceTree = "<group>"; };
		1CD84A9C296AACFF000D321E /* Gilroy-Regular.ttf */ = {isa = PBXFileReference; lastKnownFileType = file; path = "Gilroy-Regular.ttf"; sourceTree = "<group>"; };
		1CD84A9E296AAD0A000D321E /* Gilroy-Bold.ttf */ = {isa = PBXFileReference; lastKnownFileType = file; path = "Gilroy-Bold.ttf"; sourceTree = "<group>"; };
		1CD84AA0296AADA5000D321E /* Info.plist */ = {isa = PBXFileReference; lastKnownFileType = text.plist; path = Info.plist; sourceTree = "<group>"; };
		F56D8FDE296A94DD008EC31B /* Nano.app */ = {isa = PBXFileReference; explicitFileType = wrapper.application; includeInIndex = 0; path = Nano.app; sourceTree = BUILT_PRODUCTS_DIR; };
		F56D8FE1296A94DD008EC31B /* NanoApp.swift */ = {isa = PBXFileReference; lastKnownFileType = sourcecode.swift; path = NanoApp.swift; sourceTree = "<group>"; };
		F56D8FE3296A94DD008EC31B /* ContentView.swift */ = {isa = PBXFileReference; lastKnownFileType = sourcecode.swift; path = ContentView.swift; sourceTree = "<group>"; };
		F56D8FE5296A94DE008EC31B /* Assets.xcassets */ = {isa = PBXFileReference; lastKnownFileType = folder.assetcatalog; path = Assets.xcassets; sourceTree = "<group>"; };
		F56D8FE8296A94DE008EC31B /* Preview Assets.xcassets */ = {isa = PBXFileReference; lastKnownFileType = folder.assetcatalog; path = "Preview Assets.xcassets"; sourceTree = "<group>"; };
		F56D8FEF296AA59F008EC31B /* TEST.swift */ = {isa = PBXFileReference; lastKnownFileType = sourcecode.swift; path = TEST.swift; sourceTree = "<group>"; };
		F56D8FF3296B3283008EC31B /* emergency page.swift */ = {isa = PBXFileReference; lastKnownFileType = sourcecode.swift; path = "emergency page.swift"; sourceTree = "<group>"; };
		F56D8FF5296B3894008EC31B /* search bar.swift */ = {isa = PBXFileReference; lastKnownFileType = sourcecode.swift; path = "search bar.swift"; sourceTree = "<group>"; };
		F56D8FFB296C765A008EC31B /* SwiftUIView2.swift */ = {isa = PBXFileReference; lastKnownFileType = sourcecode.swift; path = SwiftUIView2.swift; sourceTree = "<group>"; };
/* End PBXFileReference section */

/* Begin PBXFrameworksBuildPhase section */
		F56D8FDB296A94DD008EC31B /* Frameworks */ = {
			isa = PBXFrameworksBuildPhase;
			buildActionMask = 2147483647;
			files = (
			);
			runOnlyForDeploymentPostprocessing = 0;
		};
/* End PBXFrameworksBuildPhase section */

/* Begin PBXGroup section */
		1CD84A91296AA8AE000D321E /* Views */ = {
			isa = PBXGroup;
			children = (
				1CD84A96296AAAC6000D321E /* Components */,
				1CD84A94296AA907000D321E /* Home.swift */,
				1C596414296C0768005FD1E3 /* PreTravelChecklist.swift */,
				1C596425296D5DA1005FD1E3 /* testingcore.swift */,
				1C4A9907296D6C7300563BCE /* SplashScreen.swift */,
			);
			path = Views;
			sourceTree = "<group>";
		};
		1CD84A92296AA8B7000D321E /* Models */ = {
			isa = PBXGroup;
			children = (
				1C596416296C21D2005FD1E3 /* TravelPacking.swift */,
				1C596420296D58D7005FD1E3 /* PachingChecklist.xcdatamodeld */,
			);
			path = Models;
			sourceTree = "<group>";
		};
		1CD84A93296AA8C2000D321E /* ViewsModel */ = {
			isa = PBXGroup;
			children = (
				1C596423296D59C9005FD1E3 /* DataController.swift */,
			);
			path = ViewsModel;
			sourceTree = "<group>";
		};
		1CD84A96296AAAC6000D321E /* Components */ = {
			isa = PBXGroup;
			children = (
				1C59641A296D4B10005FD1E3 /* PackingSections.swift */,
				1C59641C296D4CFF005FD1E3 /* PackingItems.swift */,
				1C59641E296D537D005FD1E3 /* AddPackingItem.swift */,
			);
			path = Components;
			sourceTree = "<group>";
		};
		1CD84A99296AAC72000D321E /* Fonts */ = {
			isa = PBXGroup;
			children = (
				1C596412296C03C9005FD1E3 /* Tajawal-Bold.ttf */,
				1C596410296C03BE005FD1E3 /* Tajawal-Regular.ttf */,
				1C59640E296C03AE005FD1E3 /* Tajawal-Medium.ttf */,
				1CD84A9E296AAD0A000D321E /* Gilroy-Bold.ttf */,
				1CD84A9A296AACDD000D321E /* Gilroy-Medium.ttf */,
				1CD84A9C296AACFF000D321E /* Gilroy-Regular.ttf */,
			);
			path = Fonts;
			sourceTree = "<group>";
		};
		F56D8FD5296A94DD008EC31B = {
			isa = PBXGroup;
			children = (
				F56D8FFB296C765A008EC31B /* SwiftUIView2.swift */,
				1C596408296BF4B2005FD1E3 /* Localizable.strings */,
				1C59640D296BF504005FD1E3 /* Localizable.strings */,
				F56D8FE0296A94DD008EC31B /* Nano */,
				F56D8FDF296A94DD008EC31B /* Products */,
			);
			sourceTree = "<group>";
		};
		F56D8FDF296A94DD008EC31B /* Products */ = {
			isa = PBXGroup;
			children = (
				F56D8FDE296A94DD008EC31B /* Nano.app */,
			);
			name = Products;
			sourceTree = "<group>";
		};
		F56D8FE0296A94DD008EC31B /* Nano */ = {
			isa = PBXGroup;
			children = (
				1CD84AA0296AADA5000D321E /* Info.plist */,
				1CD84A99296AAC72000D321E /* Fonts */,
				1CD84A93296AA8C2000D321E /* ViewsModel */,
				1CD84A92296AA8B7000D321E /* Models */,
				1CD84A91296AA8AE000D321E /* Views */,
				F56D8FE1296A94DD008EC31B /* NanoApp.swift */,
				F56D8FE3296A94DD008EC31B /* ContentView.swift */,
				F56D8FF3296B3283008EC31B /* emergency page.swift */,
				F56D8FF5296B3894008EC31B /* search bar.swift */,
				F56D8FE5296A94DE008EC31B /* Assets.xcassets */,
				F56D8FE7296A94DE008EC31B /* Preview Content */,
				F56D8FEF296AA59F008EC31B /* TEST.swift */,
			);
			path = Nano;
			sourceTree = "<group>";
		};
		F56D8FE7296A94DE008EC31B /* Preview Content */ = {
			isa = PBXGroup;
			children = (
				F56D8FE8296A94DE008EC31B /* Preview Assets.xcassets */,
			);
			path = "Preview Content";
			sourceTree = "<group>";
		};
/* End PBXGroup section */

/* Begin PBXNativeTarget section */
		F56D8FDD296A94DD008EC31B /* Nano */ = {
			isa = PBXNativeTarget;
			buildConfigurationList = F56D8FEC296A94DE008EC31B /* Build configuration list for PBXNativeTarget "Nano" */;
			buildPhases = (
				F56D8FDA296A94DD008EC31B /* Sources */,
				F56D8FDB296A94DD008EC31B /* Frameworks */,
				F56D8FDC296A94DD008EC31B /* Resources */,
			);
			buildRules = (
			);
			dependencies = (
			);
			name = Nano;
			productName = Nano;
			productReference = F56D8FDE296A94DD008EC31B /* Nano.app */;
			productType = "com.apple.product-type.application";
		};
/* End PBXNativeTarget section */

/* Begin PBXProject section */
		F56D8FD6296A94DD008EC31B /* Project object */ = {
			isa = PBXProject;
			attributes = {
				BuildIndependentTargetsInParallel = 1;
				LastSwiftUpdateCheck = 1420;
				LastUpgradeCheck = 1420;
				TargetAttributes = {
					F56D8FDD296A94DD008EC31B = {
						CreatedOnToolsVersion = 14.2;
					};
				};
			};
			buildConfigurationList = F56D8FD9296A94DD008EC31B /* Build configuration list for PBXProject "Nano" */;
			compatibilityVersion = "Xcode 14.0";
			developmentRegion = en;
			hasScannedForEncodings = 0;
			knownRegions = (
				en,
				Base,
				ar,
			);
			mainGroup = F56D8FD5296A94DD008EC31B;
			productRefGroup = F56D8FDF296A94DD008EC31B /* Products */;
			projectDirPath = "";
			projectRoot = "";
			targets = (
				F56D8FDD296A94DD008EC31B /* Nano */,
			);
		};
/* End PBXProject section */

/* Begin PBXResourcesBuildPhase section */
		F56D8FDC296A94DD008EC31B /* Resources */ = {
			isa = PBXResourcesBuildPhase;
			buildActionMask = 2147483647;
			files = (
				1C59640F296C03AE005FD1E3 /* Tajawal-Medium.ttf in Resources */,
				F56D8FE9296A94DE008EC31B /* Preview Assets.xcassets in Resources */,
				1C596406296BF4B2005FD1E3 /* Localizable.strings in Resources */,
				1CD84A9B296AACDD000D321E /* Gilroy-Medium.ttf in Resources */,
				1C59640B296BF504005FD1E3 /* Localizable.strings in Resources */,
				1CD84A9F296AAD0A000D321E /* Gilroy-Bold.ttf in Resources */,
				1C596411296C03BE005FD1E3 /* Tajawal-Regular.ttf in Resources */,
				F56D8FE6296A94DE008EC31B /* Assets.xcassets in Resources */,
				1C596413296C03C9005FD1E3 /* Tajawal-Bold.ttf in Resources */,
				1CD84A9D296AACFF000D321E /* Gilroy-Regular.ttf in Resources */,
			);
			runOnlyForDeploymentPostprocessing = 0;
		};
/* End PBXResourcesBuildPhase section */

/* Begin PBXSourcesBuildPhase section */
		F56D8FDA296A94DD008EC31B /* Sources */ = {
			isa = PBXSourcesBuildPhase;
			buildActionMask = 2147483647;
			files = (
				1C59641F296D537D005FD1E3 /* AddPackingItem.swift in Sources */,
				1C59641D296D4CFF005FD1E3 /* PackingItems.swift in Sources */,
				F56D8FE4296A94DD008EC31B /* ContentView.swift in Sources */,
				F56D8FE2296A94DD008EC31B /* NanoApp.swift in Sources */,
				1C596415296C0768005FD1E3 /* PreTravelChecklist.swift in Sources */,
				1C596417296C21D2005FD1E3 /* TravelPacking.swift in Sources */,
				1CD84A95296AA907000D321E /* Home.swift in Sources */,
				1C596424296D59C9005FD1E3 /* DataController.swift in Sources */,
				1C4A9908296D6C7300563BCE /* SplashScreen.swift in Sources */,
				1C59641B296D4B10005FD1E3 /* PackingSections.swift in Sources */,
				F56D8FF0296AA59F008EC31B /* TEST.swift in Sources */,
				F56D8FFC296C765A008EC31B /* SwiftUIView2.swift in Sources */,
				1C596422296D58D7005FD1E3 /* PachingChecklist.xcdatamodeld in Sources */,
				F56D8FF6296B3894008EC31B /* search bar.swift in Sources */,
				1C596426296D5DA1005FD1E3 /* testingcore.swift in Sources */,
				F56D8FF4296B3283008EC31B /* emergency page.swift in Sources */,
			);
			runOnlyForDeploymentPostprocessing = 0;
		};
/* End PBXSourcesBuildPhase section */

/* Begin PBXVariantGroup section */
		1C596408296BF4B2005FD1E3 /* Localizable.strings */ = {
			isa = PBXVariantGroup;
			children = (
				1C596407296BF4B2005FD1E3 /* ar */,
			);
			name = Localizable.strings;
			sourceTree = "<group>";
		};
		1C59640D296BF504005FD1E3 /* Localizable.strings */ = {
			isa = PBXVariantGroup;
			children = (
				1C59640C296BF504005FD1E3 /* en */,
			);
			name = Localizable.strings;
			sourceTree = "<group>";
		};
/* End PBXVariantGroup section */

/* Begin XCBuildConfiguration section */
		F56D8FEA296A94DE008EC31B /* Debug */ = {
			isa = XCBuildConfiguration;
			buildSettings = {
				ALWAYS_SEARCH_USER_PATHS = NO;
				CLANG_ANALYZER_NONNULL = YES;
				CLANG_ANALYZER_NUMBER_OBJECT_CONVERSION = YES_AGGRESSIVE;
				CLANG_CXX_LANGUAGE_STANDARD = "gnu++20";
				CLANG_ENABLE_MODULES = YES;
				CLANG_ENABLE_OBJC_ARC = YES;
				CLANG_ENABLE_OBJC_WEAK = YES;
				CLANG_WARN_BLOCK_CAPTURE_AUTORELEASING = YES;
				CLANG_WARN_BOOL_CONVERSION = YES;
				CLANG_WARN_COMMA = YES;
				CLANG_WARN_CONSTANT_CONVERSION = YES;
				CLANG_WARN_DEPRECATED_OBJC_IMPLEMENTATIONS = YES;
				CLANG_WARN_DIRECT_OBJC_ISA_USAGE = YES_ERROR;
				CLANG_WARN_DOCUMENTATION_COMMENTS = YES;
				CLANG_WARN_EMPTY_BODY = YES;
				CLANG_WARN_ENUM_CONVERSION = YES;
				CLANG_WARN_INFINITE_RECURSION = YES;
				CLANG_WARN_INT_CONVERSION = YES;
				CLANG_WARN_NON_LITERAL_NULL_CONVERSION = YES;
				CLANG_WARN_OBJC_IMPLICIT_RETAIN_SELF = YES;
				CLANG_WARN_OBJC_LITERAL_CONVERSION = YES;
				CLANG_WARN_OBJC_ROOT_CLASS = YES_ERROR;
				CLANG_WARN_QUOTED_INCLUDE_IN_FRAMEWORK_HEADER = YES;
				CLANG_WARN_RANGE_LOOP_ANALYSIS = YES;
				CLANG_WARN_STRICT_PROTOTYPES = YES;
				CLANG_WARN_SUSPICIOUS_MOVE = YES;
				CLANG_WARN_UNGUARDED_AVAILABILITY = YES_AGGRESSIVE;
				CLANG_WARN_UNREACHABLE_CODE = YES;
				CLANG_WARN__DUPLICATE_METHOD_MATCH = YES;
				COPY_PHASE_STRIP = NO;
				DEBUG_INFORMATION_FORMAT = dwarf;
				ENABLE_STRICT_OBJC_MSGSEND = YES;
				ENABLE_TESTABILITY = YES;
				GCC_C_LANGUAGE_STANDARD = gnu11;
				GCC_DYNAMIC_NO_PIC = NO;
				GCC_NO_COMMON_BLOCKS = YES;
				GCC_OPTIMIZATION_LEVEL = 0;
				GCC_PREPROCESSOR_DEFINITIONS = (
					"DEBUG=1",
					"$(inherited)",
				);
				GCC_WARN_64_TO_32_BIT_CONVERSION = YES;
				GCC_WARN_ABOUT_RETURN_TYPE = YES_ERROR;
				GCC_WARN_UNDECLARED_SELECTOR = YES;
				GCC_WARN_UNINITIALIZED_AUTOS = YES_AGGRESSIVE;
				GCC_WARN_UNUSED_FUNCTION = YES;
				GCC_WARN_UNUSED_VARIABLE = YES;
				IPHONEOS_DEPLOYMENT_TARGET = 16.2;
				MTL_ENABLE_DEBUG_INFO = INCLUDE_SOURCE;
				MTL_FAST_MATH = YES;
				ONLY_ACTIVE_ARCH = YES;
				SDKROOT = iphoneos;
				SWIFT_ACTIVE_COMPILATION_CONDITIONS = DEBUG;
				SWIFT_OPTIMIZATION_LEVEL = "-Onone";
			};
			name = Debug;
		};
		F56D8FEB296A94DE008EC31B /* Release */ = {
			isa = XCBuildConfiguration;
			buildSettings = {
				ALWAYS_SEARCH_USER_PATHS = NO;
				CLANG_ANALYZER_NONNULL = YES;
				CLANG_ANALYZER_NUMBER_OBJECT_CONVERSION = YES_AGGRESSIVE;
				CLANG_CXX_LANGUAGE_STANDARD = "gnu++20";
				CLANG_ENABLE_MODULES = YES;
				CLANG_ENABLE_OBJC_ARC = YES;
				CLANG_ENABLE_OBJC_WEAK = YES;
				CLANG_WARN_BLOCK_CAPTURE_AUTORELEASING = YES;
				CLANG_WARN_BOOL_CONVERSION = YES;
				CLANG_WARN_COMMA = YES;
				CLANG_WARN_CONSTANT_CONVERSION = YES;
				CLANG_WARN_DEPRECATED_OBJC_IMPLEMENTATIONS = YES;
				CLANG_WARN_DIRECT_OBJC_ISA_USAGE = YES_ERROR;
				CLANG_WARN_DOCUMENTATION_COMMENTS = YES;
				CLANG_WARN_EMPTY_BODY = YES;
				CLANG_WARN_ENUM_CONVERSION = YES;
				CLANG_WARN_INFINITE_RECURSION = YES;
				CLANG_WARN_INT_CONVERSION = YES;
				CLANG_WARN_NON_LITERAL_NULL_CONVERSION = YES;
				CLANG_WARN_OBJC_IMPLICIT_RETAIN_SELF = YES;
				CLANG_WARN_OBJC_LITERAL_CONVERSION = YES;
				CLANG_WARN_OBJC_ROOT_CLASS = YES_ERROR;
				CLANG_WARN_QUOTED_INCLUDE_IN_FRAMEWORK_HEADER = YES;
				CLANG_WARN_RANGE_LOOP_ANALYSIS = YES;
				CLANG_WARN_STRICT_PROTOTYPES = YES;
				CLANG_WARN_SUSPICIOUS_MOVE = YES;
				CLANG_WARN_UNGUARDED_AVAILABILITY = YES_AGGRESSIVE;
				CLANG_WARN_UNREACHABLE_CODE = YES;
				CLANG_WARN__DUPLICATE_METHOD_MATCH = YES;
				COPY_PHASE_STRIP = NO;
				DEBUG_INFORMATION_FORMAT = "dwarf-with-dsym";
				ENABLE_NS_ASSERTIONS = NO;
				ENABLE_STRICT_OBJC_MSGSEND = YES;
				GCC_C_LANGUAGE_STANDARD = gnu11;
				GCC_NO_COMMON_BLOCKS = YES;
				GCC_WARN_64_TO_32_BIT_CONVERSION = YES;
				GCC_WARN_ABOUT_RETURN_TYPE = YES_ERROR;
				GCC_WARN_UNDECLARED_SELECTOR = YES;
				GCC_WARN_UNINITIALIZED_AUTOS = YES_AGGRESSIVE;
				GCC_WARN_UNUSED_FUNCTION = YES;
				GCC_WARN_UNUSED_VARIABLE = YES;
				IPHONEOS_DEPLOYMENT_TARGET = 16.2;
				MTL_ENABLE_DEBUG_INFO = NO;
				MTL_FAST_MATH = YES;
				SDKROOT = iphoneos;
				SWIFT_COMPILATION_MODE = wholemodule;
				SWIFT_OPTIMIZATION_LEVEL = "-O";
				VALIDATE_PRODUCT = YES;
			};
			name = Release;
		};
		F56D8FED296A94DE008EC31B /* Debug */ = {
			isa = XCBuildConfiguration;
			buildSettings = {
				ASSETCATALOG_COMPILER_APPICON_NAME = AppIcon;
				ASSETCATALOG_COMPILER_GLOBAL_ACCENT_COLOR_NAME = AccentColor;
				CODE_SIGN_STYLE = Automatic;
				CURRENT_PROJECT_VERSION = 1;
				DEVELOPMENT_ASSET_PATHS = "\"Nano/Preview Content\"";
				ENABLE_PREVIEWS = YES;
				GENERATE_INFOPLIST_FILE = YES;
				INFOPLIST_FILE = Nano/Info.plist;
				INFOPLIST_KEY_UIApplicationSceneManifest_Generation = YES;
				INFOPLIST_KEY_UIApplicationSupportsIndirectInputEvents = YES;
				INFOPLIST_KEY_UILaunchScreen_Generation = YES;
				INFOPLIST_KEY_UISupportedInterfaceOrientations_iPad = "UIInterfaceOrientationPortrait UIInterfaceOrientationPortraitUpsideDown UIInterfaceOrientationLandscapeLeft UIInterfaceOrientationLandscapeRight";
				INFOPLIST_KEY_UISupportedInterfaceOrientations_iPhone = "UIInterfaceOrientationPortrait UIInterfaceOrientationLandscapeLeft UIInterfaceOrientationLandscapeRight";
				IPHONEOS_DEPLOYMENT_TARGET = 16.0;
				LD_RUNPATH_SEARCH_PATHS = (
					"$(inherited)",
					"@executable_path/Frameworks",
				);
				MARKETING_VERSION = 1.0;
				PRODUCT_BUNDLE_IDENTIFIER = "dinakhaled1999-outlook.com.Nano";
				PRODUCT_NAME = "$(TARGET_NAME)";
				SWIFT_EMIT_LOC_STRINGS = YES;
				SWIFT_VERSION = 5.0;
				TARGETED_DEVICE_FAMILY = "1,2";
			};
			name = Debug;
		};
		F56D8FEE296A94DE008EC31B /* Release */ = {
			isa = XCBuildConfiguration;
			buildSettings = {
				ASSETCATALOG_COMPILER_APPICON_NAME = AppIcon;
				ASSETCATALOG_COMPILER_GLOBAL_ACCENT_COLOR_NAME = AccentColor;
				CODE_SIGN_STYLE = Automatic;
				CURRENT_PROJECT_VERSION = 1;
				DEVELOPMENT_ASSET_PATHS = "\"Nano/Preview Content\"";
				ENABLE_PREVIEWS = YES;
				GENERATE_INFOPLIST_FILE = YES;
				INFOPLIST_FILE = Nano/Info.plist;
				INFOPLIST_KEY_UIApplicationSceneManifest_Generation = YES;
				INFOPLIST_KEY_UIApplicationSupportsIndirectInputEvents = YES;
				INFOPLIST_KEY_UILaunchScreen_Generation = YES;
				INFOPLIST_KEY_UISupportedInterfaceOrientations_iPad = "UIInterfaceOrientationPortrait UIInterfaceOrientationPortraitUpsideDown UIInterfaceOrientationLandscapeLeft UIInterfaceOrientationLandscapeRight";
				INFOPLIST_KEY_UISupportedInterfaceOrientations_iPhone = "UIInterfaceOrientationPortrait UIInterfaceOrientationLandscapeLeft UIInterfaceOrientationLandscapeRight";
				IPHONEOS_DEPLOYMENT_TARGET = 16.0;
				LD_RUNPATH_SEARCH_PATHS = (
					"$(inherited)",
					"@executable_path/Frameworks",
				);
				MARKETING_VERSION = 1.0;
				PRODUCT_BUNDLE_IDENTIFIER = "dinakhaled1999-outlook.com.Nano";
				PRODUCT_NAME = "$(TARGET_NAME)";
				SWIFT_EMIT_LOC_STRINGS = YES;
				SWIFT_VERSION = 5.0;
				TARGETED_DEVICE_FAMILY = "1,2";
			};
			name = Release;
		};
/* End XCBuildConfiguration section */

/* Begin XCConfigurationList section */
		F56D8FD9296A94DD008EC31B /* Build configuration list for PBXProject "Nano" */ = {
			isa = XCConfigurationList;
			buildConfigurations = (
				F56D8FEA296A94DE008EC31B /* Debug */,
				F56D8FEB296A94DE008EC31B /* Release */,
			);
			defaultConfigurationIsVisible = 0;
			defaultConfigurationName = Release;
		};
		F56D8FEC296A94DE008EC31B /* Build configuration list for PBXNativeTarget "Nano" */ = {
			isa = XCConfigurationList;
			buildConfigurations = (
				F56D8FED296A94DE008EC31B /* Debug */,
				F56D8FEE296A94DE008EC31B /* Release */,
			);
			defaultConfigurationIsVisible = 0;
			defaultConfigurationName = Release;
		};
/* End XCConfigurationList section */

/* Begin XCVersionGroup section */
		1C596420296D58D7005FD1E3 /* PachingChecklist.xcdatamodeld */ = {
			isa = XCVersionGroup;
			children = (
				1C596421296D58D7005FD1E3 /* PachingChecklist.xcdatamodel */,
			);
			currentVersion = 1C596421296D58D7005FD1E3 /* PachingChecklist.xcdatamodel */;
			path = PachingChecklist.xcdatamodeld;
			sourceTree = "<group>";
			versionGroupType = wrapper.xcdatamodel;
		};
/* End XCVersionGroup section */
	};
	rootObject = F56D8FD6296A94DD008EC31B /* Project object */;
}
